
Microsoft Visual Studio Solution File, Format Version 12.00
# Visual Studio Version 17
VisualStudioVersion = 17.0.31903.59
MinimumVisualStudioVersion = 10.0.40219.1
Project("{FAE04EC0-301F-11D3-BF4B-00C04F79EFBC}") = "Ecommerce.API", "Ecommerce.API\Ecommerce.API.csproj", "{3D140215-CF16-44B0-A589-CC8D4224F492}"
EndProject
Project("{FAE04EC0-301F-11D3-BF4B-00C04F79EFBC}") = "Ecommerce.Entities", "Ecommerce.Entities\Ecommerce.Entities.csproj", "{B7928836-4E53-4EF9-9BED-A5E3677108C2}"
EndProject
Project("{FAE04EC0-301F-11D3-BF4B-00C04F79EFBC}") = "Ecommerce.DataAccess", "Ecommerce.DataAccess\Ecommerce.DataAccess.csproj", "{D7773392-F5E0-4D55-90A8-23D2F7809F50}"
EndProject
Project("{FAE04EC0-301F-11D3-BF4B-00C04F79EFBC}") = "Ecommerce.Business", "Ecommerce.Business\Ecommerce.Business.csproj", "{7EADE1AC-E557-427E-B533-B1CFB461AF4D}"
EndProject
Global
	GlobalSection(SolutionConfigurationPlatforms) = preSolution
		Debug|Any CPU = Debug|Any CPU
		Debug|x64 = Debug|x64
		Debug|x86 = Debug|x86
		Release|Any CPU = Release|Any CPU
		Release|x64 = Release|x64
		Release|x86 = Release|x86
	EndGlobalSection
	GlobalSection(ProjectConfigurationPlatforms) = postSolution
		{3D140215-CF16-44B0-A589-CC8D4224F492}.Debug|Any CPU.ActiveCfg = Debug|Any CPU
		{3D140215-CF16-44B0-A589-CC8D4224F492}.Debug|Any CPU.Build.0 = Debug|Any CPU
		{3D140215-CF16-44B0-A589-CC8D4224F492}.Debug|x64.ActiveCfg = Debug|Any CPU
		{3D140215-CF16-44B0-A589-CC8D4224F492}.Debug|x64.Build.0 = Debug|Any CPU
		{3D140215-CF16-44B0-A589-CC8D4224F492}.Debug|x86.ActiveCfg = Debug|Any CPU
		{3D140215-CF16-44B0-A589-CC8D4224F492}.Debug|x86.Build.0 = Debug|Any CPU
		{3D140215-CF16-44B0-A589-CC8D4224F492}.Release|Any CPU.ActiveCfg = Release|Any CPU
		{3D140215-CF16-44B0-A589-CC8D4224F492}.Release|Any CPU.Build.0 = Release|Any CPU
		{3D140215-CF16-44B0-A589-CC8D4224F492}.Release|x64.ActiveCfg = Release|Any CPU
		{3D140215-CF16-44B0-A589-CC8D4224F492}.Release|x64.Build.0 = Release|Any CPU
		{3D140215-CF16-44B0-A589-CC8D4224F492}.Release|x86.ActiveCfg = Release|Any CPU
		{3D140215-CF16-44B0-A589-CC8D4224F492}.Release|x86.Build.0 = Release|Any CPU
		{B7928836-4E53-4EF9-9BED-A5E3677108C2}.Debug|Any CPU.ActiveCfg = Debug|Any CPU
		{B7928836-4E53-4EF9-9BED-A5E3677108C2}.Debug|Any CPU.Build.0 = Debug|Any CPU
		{B7928836-4E53-4EF9-9BED-A5E3677108C2}.Debug|x64.ActiveCfg = Debug|Any CPU
		{B7928836-4E53-4EF9-9BED-A5E3677108C2}.Debug|x64.Build.0 = Debug|Any CPU
		{B7928836-4E53-4EF9-9BED-A5E3677108C2}.Debug|x86.ActiveCfg = Debug|Any CPU
		{B7928836-4E53-4EF9-9BED-A5E3677108C2}.Debug|x86.Build.0 = Debug|Any CPU
		{B7928836-4E53-4EF9-9BED-A5E3677108C2}.Release|Any CPU.ActiveCfg = Release|Any CPU
		{B7928836-4E53-4EF9-9BED-A5E3677108C2}.Release|Any CPU.Build.0 = Release|Any CPU
		{B7928836-4E53-4EF9-9BED-A5E3677108C2}.Release|x64.ActiveCfg = Release|Any CPU
		{B7928836-4E53-4EF9-9BED-A5E3677108C2}.Release|x64.Build.0 = Release|Any CPU
		{B7928836-4E53-4EF9-9BED-A5E3677108C2}.Release|x86.ActiveCfg = Release|Any CPU
		{B7928836-4E53-4EF9-9BED-A5E3677108C2}.Release|x86.Build.0 = Release|Any CPU
		{D7773392-F5E0-4D55-90A8-23D2F7809F50}.Debug|Any CPU.ActiveCfg = Debug|Any CPU
		{D7773392-F5E0-4D55-90A8-23D2F7809F50}.Debug|Any CPU.Build.0 = Debug|Any CPU
		{D7773392-F5E0-4D55-90A8-23D2F7809F50}.Debug|x64.ActiveCfg = Debug|Any CPU
		{D7773392-F5E0-4D55-90A8-23D2F7809F50}.Debug|x64.Build.0 = Debug|Any CPU
		{D7773392-F5E0-4D55-90A8-23D2F7809F50}.Debug|x86.ActiveCfg = Debug|Any CPU
		{D7773392-F5E0-4D55-90A8-23D2F7809F50}.Debug|x86.Build.0 = Debug|Any CPU
		{D7773392-F5E0-4D55-90A8-23D2F7809F50}.Release|Any CPU.ActiveCfg = Release|Any CPU
		{D7773392-F5E0-4D55-90A8-23D2F7809F50}.Release|Any CPU.Build.0 = Release|Any CPU
		{D7773392-F5E0-4D55-90A8-23D2F7809F50}.Release|x64.ActiveCfg = Release|Any CPU
		{D7773392-F5E0-4D55-90A8-23D2F7809F50}.Release|x64.Build.0 = Release|Any CPU
		{D7773392-F5E0-4D55-90A8-23D2F7809F50}.Release|x86.ActiveCfg = Release|Any CPU
		{D7773392-F5E0-4D55-90A8-23D2F7809F50}.Release|x86.Build.0 = Release|Any CPU
		{7EADE1AC-E557-427E-B533-B1CFB461AF4D}.Debug|Any CPU.ActiveCfg = Debug|Any CPU
		{7EADE1AC-E557-427E-B533-B1CFB461AF4D}.Debug|Any CPU.Build.0 = Debug|Any CPU
		{7EADE1AC-E557-427E-B533-B1CFB461AF4D}.Debug|x64.ActiveCfg = Debug|Any CPU
		{7EADE1AC-E557-427E-B533-B1CFB461AF4D}.Debug|x64.Build.0 = Debug|Any CPU
		{7EADE1AC-E557-427E-B533-B1CFB461AF4D}.Debug|x86.ActiveCfg = Debug|Any CPU
		{7EADE1AC-E557-427E-B533-B1CFB461AF4D}.Debug|x86.Build.0 = Debug|Any CPU
		{7EADE1AC-E557-427E-B533-B1CFB461AF4D}.Release|Any CPU.ActiveCfg = Release|Any CPU
		{7EADE1AC-E557-427E-B533-B1CFB461AF4D}.Release|Any CPU.Build.0 = Release|Any CPU
		{7EADE1AC-E557-427E-B533-B1CFB461AF4D}.Release|x64.ActiveCfg = Release|Any CPU
		{7EADE1AC-E557-427E-B533-B1CFB461AF4D}.Release|x64.Build.0 = Release|Any CPU
		{7EADE1AC-E557-427E-B533-B1CFB461AF4D}.Release|x86.ActiveCfg = Release|Any CPU
		{7EADE1AC-E557-427E-B533-B1CFB461AF4D}.Release|x86.Build.0 = Release|Any CPU
	EndGlobalSection
	GlobalSection(SolutionProperties) = preSolution
		HideSolutionNode = FALSE
	EndGlobalSection
EndGlobal
